
Microsoft Visual Studio Solution File, Format Version 12.00
# Visual Studio Version 16
VisualStudioVersion = 16.0.30804.86
MinimumVisualStudioVersion = 10.0.40219.1
Project("{FAE04EC0-301F-11D3-BF4B-00C04F79EFBC}") = "TestUngDung", "WebShop\TestUngDung.csproj", "{C0ABEA18-7C67-4F9D-B274-708D0113E9AD}"
EndProject
Project("{FAE04EC0-301F-11D3-BF4B-00C04F79EFBC}") = "ModelEF", "ModelEF\ModelEF.csproj", "{6ED097A9-58C4-4303-8796-294076D51885}"
EndProject
Global
	GlobalSection(SolutionConfigurationPlatforms) = preSolution
		Debug|Any CPU = Debug|Any CPU
		Release|Any CPU = Release|Any CPU
	EndGlobalSection
	GlobalSection(ProjectConfigurationPlatforms) = postSolution
		{C0ABEA18-7C67-4F9D-B274-708D0113E9AD}.Debug|Any CPU.ActiveCfg = Debug|Any CPU
		{C0ABEA18-7C67-4F9D-B274-708D0113E9AD}.Debug|Any CPU.Build.0 = Debug|Any CPU
		{C0ABEA18-7C67-4F9D-B274-708D0113E9AD}.Release|Any CPU.ActiveCfg = Release|Any CPU
		{C0ABEA18-7C67-4F9D-B274-708D0113E9AD}.Release|Any CPU.Build.0 = Release|Any CPU
		{6ED097A9-58C4-4303-8796-294076D51885}.Debug|Any CPU.ActiveCfg = Debug|Any CPU
		{6ED097A9-58C4-4303-8796-294076D51885}.Debug|Any CPU.Build.0 = Debug|Any CPU
		{6ED097A9-58C4-4303-8796-294076D51885}.Release|Any CPU.ActiveCfg = Release|Any CPU
		{6ED097A9-58C4-4303-8796-294076D51885}.Release|Any CPU.Build.0 = Release|Any CPU
	EndGlobalSection
	GlobalSection(SolutionProperties) = preSolution
		HideSolutionNode = FALSE
	EndGlobalSection
	GlobalSection(ExtensibilityGlobals) = postSolution
		SolutionGuid = {26E76559-1904-465D-BDFA-0BBC608FF631}
	EndGlobalSection
EndGlobal
